
Microsoft Visual Studio Solution File, Format Version 12.00
# Visual Studio Version 16
VisualStudioVersion = 16.0.30621.155
MinimumVisualStudioVersion = 10.0.40219.1
Project("{FAE04EC0-301F-11D3-BF4B-00C04F79EFBC}") = "FastDoIt3", "FastDoIt3\FastDoIt3.csproj", "{6621F6AC-40B4-44ED-AFA0-4BE920113CF3}"
EndProject
Project("{FAE04EC0-301F-11D3-BF4B-00C04F79EFBC}") = "argsparser", "argsparser\argsparser.csproj", "{E38AFF7C-4FF1-4302-8CC5-6288B2716F18}"
EndProject
Global
	GlobalSection(SolutionConfigurationPlatforms) = preSolution
		Debug|Any CPU = Debug|Any CPU
		Release|Any CPU = Release|Any CPU
	EndGlobalSection
	GlobalSection(ProjectConfigurationPlatforms) = postSolution
		{6621F6AC-40B4-44ED-AFA0-4BE920113CF3}.Debug|Any CPU.ActiveCfg = Debug|Any CPU
		{6621F6AC-40B4-44ED-AFA0-4BE920113CF3}.Debug|Any CPU.Build.0 = Debug|Any CPU
		{6621F6AC-40B4-44ED-AFA0-4BE920113CF3}.Release|Any CPU.ActiveCfg = Release|Any CPU
		{6621F6AC-40B4-44ED-AFA0-4BE920113CF3}.Release|Any CPU.Build.0 = Release|Any CPU
		{E38AFF7C-4FF1-4302-8CC5-6288B2716F18}.Debug|Any CPU.ActiveCfg = Debug|Any CPU
		{E38AFF7C-4FF1-4302-8CC5-6288B2716F18}.Debug|Any CPU.Build.0 = Debug|Any CPU
		{E38AFF7C-4FF1-4302-8CC5-6288B2716F18}.Release|Any CPU.ActiveCfg = Release|Any CPU
		{E38AFF7C-4FF1-4302-8CC5-6288B2716F18}.Release|Any CPU.Build.0 = Release|Any CPU
	EndGlobalSection
	GlobalSection(SolutionProperties) = preSolution
		HideSolutionNode = FALSE
	EndGlobalSection
	GlobalSection(ExtensibilityGlobals) = postSolution
		SolutionGuid = {AFF72C55-DE5E-48EC-A7C9-487BBE3CE2C3}
	EndGlobalSection
EndGlobal
